
Microsoft Visual Studio Solution File, Format Version 12.00
# Visual Studio 2013
VisualStudioVersion = 12.0.40629.0
MinimumVisualStudioVersion = 10.0.40219.1
Project("{FAE04EC0-301F-11D3-BF4B-00C04F79EFBC}") = "DogaCanerTest", "DogaCanerTest\DogaCanerTest.csproj", "{F03EA8F7-A283-463C-95C9-EE61E5DB5548}"
EndProject
Project("{FAE04EC0-301F-11D3-BF4B-00C04F79EFBC}") = "UnitTest", "UnitTest\UnitTest.csproj", "{EC5A33BE-7149-4205-B21D-452F6EAAEE37}"
EndProject
Global
	GlobalSection(SolutionConfigurationPlatforms) = preSolution
		Debug|Any CPU = Debug|Any CPU
		Release|Any CPU = Release|Any CPU
	EndGlobalSection
	GlobalSection(ProjectConfigurationPlatforms) = postSolution
		{F03EA8F7-A283-463C-95C9-EE61E5DB5548}.Debug|Any CPU.ActiveCfg = Debug|Any CPU
		{F03EA8F7-A283-463C-95C9-EE61E5DB5548}.Debug|Any CPU.Build.0 = Debug|Any CPU
		{F03EA8F7-A283-463C-95C9-EE61E5DB5548}.Release|Any CPU.ActiveCfg = Release|Any CPU
		{F03EA8F7-A283-463C-95C9-EE61E5DB5548}.Release|Any CPU.Build.0 = Release|Any CPU
		{EC5A33BE-7149-4205-B21D-452F6EAAEE37}.Debug|Any CPU.ActiveCfg = Debug|Any CPU
		{EC5A33BE-7149-4205-B21D-452F6EAAEE37}.Debug|Any CPU.Build.0 = Debug|Any CPU
		{EC5A33BE-7149-4205-B21D-452F6EAAEE37}.Release|Any CPU.ActiveCfg = Release|Any CPU
		{EC5A33BE-7149-4205-B21D-452F6EAAEE37}.Release|Any CPU.Build.0 = Release|Any CPU
	EndGlobalSection
	GlobalSection(SolutionProperties) = preSolution
		HideSolutionNode = FALSE
	EndGlobalSection
EndGlobal
